// !$*UTF8*$!
{
	archiveVersion = 1;
	classes = {
	};
	objectVersion = 50;
	objects = {

/* Begin PBXBuildFile section */
		12107B4324843D8D00D8C8AD /* AppDelegate.swift in Sources */ = {isa = PBXBuildFile; fileRef = 12107B4224843D8D00D8C8AD /* AppDelegate.swift */; };
		12107B4524843D8D00D8C8AD /* SceneDelegate.swift in Sources */ = {isa = PBXBuildFile; fileRef = 12107B4424843D8D00D8C8AD /* SceneDelegate.swift */; };
		12107B4724843D8D00D8C8AD /* ViewController.swift in Sources */ = {isa = PBXBuildFile; fileRef = 12107B4624843D8D00D8C8AD /* ViewController.swift */; };
		12107B4A24843D8D00D8C8AD /* Main.storyboard in Resources */ = {isa = PBXBuildFile; fileRef = 12107B4824843D8D00D8C8AD /* Main.storyboard */; };
		12107B4C24843D9300D8C8AD /* Assets.xcassets in Resources */ = {isa = PBXBuildFile; fileRef = 12107B4B24843D9300D8C8AD /* Assets.xcassets */; };
		12D983232487FC8400E85991 /* WebKit.framework in Frameworks */ = {isa = PBXBuildFile; fileRef = 12D983222487FC8400E85991 /* WebKit.framework */; };
		12D983272487FD8400E85991 /* AboutViewController.swift in Sources */ = {isa = PBXBuildFile; fileRef = 12D983262487FD8400E85991 /* AboutViewController.swift */; };
		12D9832A24880F0500E85991 /* LaunchScreen.storyboard in Resources */ = {isa = PBXBuildFile; fileRef = 12D9832924880F0500E85991 /* LaunchScreen.storyboard */; };
/* End PBXBuildFile section */

/* Begin PBXFileReference section */
		12107B3F24843D8D00D8C8AD /* ColorPickerDemo.app */ = {isa = PBXFileReference; explicitFileType = wrapper.application; includeInIndex = 0; path = ColorPickerDemo.app; sourceTree = BUILT_PRODUCTS_DIR; };
		12107B4224843D8D00D8C8AD /* AppDelegate.swift */ = {isa = PBXFileReference; lastKnownFileType = sourcecode.swift; path = AppDelegate.swift; sourceTree = "<group>"; };
		12107B4424843D8D00D8C8AD /* SceneDelegate.swift */ = {isa = PBXFileReference; lastKnownFileType = sourcecode.swift; path = SceneDelegate.swift; sourceTree = "<group>"; };
		12107B4624843D8D00D8C8AD /* ViewController.swift */ = {isa = PBXFileReference; lastKnownFileType = sourcecode.swift; path = ViewController.swift; sourceTree = "<group>"; };
		12107B4924843D8D00D8C8AD /* Base */ = {isa = PBXFileReference; lastKnownFileType = file.storyboard; name = Base; path = Base.lproj/Main.storyboard; sourceTree = "<group>"; };
		12107B4B24843D9300D8C8AD /* Assets.xcassets */ = {isa = PBXFileReference; lastKnownFileType = folder.assetcatalog; path = Assets.xcassets; sourceTree = "<group>"; };
		12107B5024843D9300D8C8AD /* Info.plist */ = {isa = PBXFileReference; lastKnownFileType = text.plist.xml; path = Info.plist; sourceTree = "<group>"; };
		12D983222487FC8400E85991 /* WebKit.framework */ = {isa = PBXFileReference; lastKnownFileType = wrapper.framework; name = WebKit.framework; path = System/Library/Frameworks/WebKit.framework; sourceTree = SDKROOT; };
		12D983262487FD8400E85991 /* AboutViewController.swift */ = {isa = PBXFileReference; lastKnownFileType = sourcecode.swift; path = AboutViewController.swift; sourceTree = "<group>"; };
		12D9832924880F0500E85991 /* LaunchScreen.storyboard */ = {isa = PBXFileReference; fileEncoding = 4; lastKnownFileType = file.storyboard; path = LaunchScreen.storyboard; sourceTree = "<group>"; };
/* End PBXFileReference section */

/* Begin PBXFrameworksBuildPhase section */
		12107B3C24843D8D00D8C8AD /* Frameworks */ = {
			isa = PBXFrameworksBuildPhase;
			buildActionMask = 2147483647;
			files = (
				12D983232487FC8400E85991 /* WebKit.framework in Frameworks */,
			);
			runOnlyForDeploymentPostprocessing = 0;
		};
/* End PBXFrameworksBuildPhase section */

/* Begin PBXGroup section */
		12107B3624843D8D00D8C8AD = {
			isa = PBXGroup;
			children = (
				12107B4124843D8D00D8C8AD /* ColorPickerDemo */,
				12107B4024843D8D00D8C8AD /* Products */,
				12D983212487FC8400E85991 /* Frameworks */,
			);
			sourceTree = "<group>";
		};
		12107B4024843D8D00D8C8AD /* Products */ = {
			isa = PBXGroup;
			children = (
				12107B3F24843D8D00D8C8AD /* ColorPickerDemo.app */,
			);
			name = Products;
			sourceTree = "<group>";
		};
		12107B4124843D8D00D8C8AD /* ColorPickerDemo */ = {
			isa = PBXGroup;
			children = (
				12D9832824880E7A00E85991 /* ViewControllers */,
				12107B4224843D8D00D8C8AD /* AppDelegate.swift */,
				12107B4424843D8D00D8C8AD /* SceneDelegate.swift */,
				12107B4824843D8D00D8C8AD /* Main.storyboard */,
				12107B4B24843D9300D8C8AD /* Assets.xcassets */,
				12D9832924880F0500E85991 /* LaunchScreen.storyboard */,
				12107B5024843D9300D8C8AD /* Info.plist */,
			);
			path = ColorPickerDemo;
			sourceTree = "<group>";
		};
		12D983212487FC8400E85991 /* Frameworks */ = {
			isa = PBXGroup;
			children = (
				12D983222487FC8400E85991 /* WebKit.framework */,
			);
			name = Frameworks;
			sourceTree = "<group>";
		};
		12D9832824880E7A00E85991 /* ViewControllers */ = {
			isa = PBXGroup;
			children = (
				12107B4624843D8D00D8C8AD /* ViewController.swift */,
				12D983262487FD8400E85991 /* AboutViewController.swift */,
			);
			path = ViewControllers;
			sourceTree = "<group>";
		};
/* End PBXGroup section */

/* Begin PBXNativeTarget section */
		12107B3E24843D8D00D8C8AD /* ColorPickerDemo */ = {
			isa = PBXNativeTarget;
			buildConfigurationList = 12107B5324843D9300D8C8AD /* Build configuration list for PBXNativeTarget "ColorPickerDemo" */;
			buildPhases = (
				12107B3B24843D8D00D8C8AD /* Sources */,
				12107B3C24843D8D00D8C8AD /* Frameworks */,
				12107B3D24843D8D00D8C8AD /* Resources */,
			);
			buildRules = (
			);
			dependencies = (
			);
			name = ColorPickerDemo;
			productName = ColorPickerDemo;
			productReference = 12107B3F24843D8D00D8C8AD /* ColorPickerDemo.app */;
			productType = "com.apple.product-type.application";
		};
/* End PBXNativeTarget section */

/* Begin PBXProject section */
		12107B3724843D8D00D8C8AD /* Project object */ = {
			isa = PBXProject;
			attributes = {
				LastSwiftUpdateCheck = 1150;
				LastUpgradeCheck = 1150;
				ORGANIZATIONNAME = "Jeff Rames";
				TargetAttributes = {
					12107B3E24843D8D00D8C8AD = {
						CreatedOnToolsVersion = 11.5;
					};
				};
			};
			buildConfigurationList = 12107B3A24843D8D00D8C8AD /* Build configuration list for PBXProject "ColorPickerDemo" */;
			compatibilityVersion = "Xcode 9.3";
			developmentRegion = en;
			hasScannedForEncodings = 0;
			knownRegions = (
				en,
				Base,
			);
			mainGroup = 12107B3624843D8D00D8C8AD;
			productRefGroup = 12107B4024843D8D00D8C8AD /* Products */;
			projectDirPath = "";
			projectRoot = "";
			targets = (
				12107B3E24843D8D00D8C8AD /* ColorPickerDemo */,
			);
		};
/* End PBXProject section */

/* Begin PBXResourcesBuildPhase section */
		12107B3D24843D8D00D8C8AD /* Resources */ = {
			isa = PBXResourcesBuildPhase;
			buildActionMask = 2147483647;
			files = (
				12D9832A24880F0500E85991 /* LaunchScreen.storyboard in Resources */,
				12107B4C24843D9300D8C8AD /* Assets.xcassets in Resources */,
				12107B4A24843D8D00D8C8AD /* Main.storyboard in Resources */,
			);
			runOnlyForDeploymentPostprocessing = 0;
		};
/* End PBXResourcesBuildPhase section */

/* Begin PBXSourcesBuildPhase section */
		12107B3B24843D8D00D8C8AD /* Sources */ = {
			isa = PBXSourcesBuildPhase;
			buildActionMask = 2147483647;
			files = (
				12107B4724843D8D00D8C8AD /* ViewController.swift in Sources */,
				12107B4324843D8D00D8C8AD /* AppDelegate.swift in Sources */,
				12D983272487FD8400E85991 /* AboutViewController.swift in Sources */,
				12107B4524843D8D00D8C8AD /* SceneDelegate.swift in Sources */,
			);
			runOnlyForDeploymentPostprocessing = 0;
		};
/* End PBXSourcesBuildPhase section */

/* Begin PBXVariantGroup section */
		12107B4824843D8D00D8C8AD /* Main.storyboard */ = {
			isa = PBXVariantGroup;
			children = (
				12107B4924843D8D00D8C8AD /* Base */,
			);
			name = Main.storyboard;
			sourceTree = "<group>";
		};
/* End PBXVariantGroup section */

/* Begin XCBuildConfiguration section */
		12107B5124843D9300D8C8AD /* Debug */ = {
			isa = XCBuildConfiguration;
			buildSettings = {
				ALWAYS_SEARCH_USER_PATHS = NO;
				CLANG_ANALYZER_NONNULL = YES;
				CLANG_ANALYZER_NUMBER_OBJECT_CONVERSION = YES_AGGRESSIVE;
				CLANG_CXX_LANGUAGE_STANDARD = "gnu++14";
				CLANG_CXX_LIBRARY = "libc++";
				CLANG_ENABLE_MODULES = YES;
				CLANG_ENABLE_OBJC_ARC = YES;
				CLANG_ENABLE_OBJC_WEAK = YES;
				CLANG_WARN_BLOCK_CAPTURE_AUTORELEASING = YES;
				CLANG_WARN_BOOL_CONVERSION = YES;
				CLANG_WARN_COMMA = YES;
				CLANG_WARN_CONSTANT_CONVERSION = YES;
				CLANG_WARN_DEPRECATED_OBJC_IMPLEMENTATIONS = YES;
				CLANG_WARN_DIRECT_OBJC_ISA_USAGE = YES_ERROR;
				CLANG_WARN_DOCUMENTATION_COMMENTS = YES;
				CLANG_WARN_EMPTY_BODY = YES;
				CLANG_WARN_ENUM_CONVERSION = YES;
				CLANG_WARN_INFINITE_RECURSION = YES;
				CLANG_WARN_INT_CONVERSION = YES;
				CLANG_WARN_NON_LITERAL_NULL_CONVERSION = YES;
				CLANG_WARN_OBJC_IMPLICIT_RETAIN_SELF = YES;
				CLANG_WARN_OBJC_LITERAL_CONVERSION = YES;
				CLANG_WARN_OBJC_ROOT_CLASS = YES_ERROR;
				CLANG_WARN_RANGE_LOOP_ANALYSIS = YES;
				CLANG_WARN_STRICT_PROTOTYPES = YES;
				CLANG_WARN_SUSPICIOUS_MOVE = YES;
				CLANG_WARN_UNGUARDED_AVAILABILITY = YES_AGGRESSIVE;
				CLANG_WARN_UNREACHABLE_CODE = YES;
				CLANG_WARN__DUPLICATE_METHOD_MATCH = YES;
				COPY_PHASE_STRIP = NO;
				DEBUG_INFORMATION_FORMAT = dwarf;
				ENABLE_STRICT_OBJC_MSGSEND = YES;
				ENABLE_TESTABILITY = YES;
				GCC_C_LANGUAGE_STANDARD = gnu11;
				GCC_DYNAMIC_NO_PIC = NO;
				GCC_NO_COMMON_BLOCKS = YES;
				GCC_OPTIMIZATION_LEVEL = 0;
				GCC_PREPROCESSOR_DEFINITIONS = (
					"DEBUG=1",
					"$(inherited)",
				);
				GCC_WARN_64_TO_32_BIT_CONVERSION = YES;
				GCC_WARN_ABOUT_RETURN_TYPE = YES_ERROR;
				GCC_WARN_UNDECLARED_SELECTOR = YES;
				GCC_WARN_UNINITIALIZED_AUTOS = YES_AGGRESSIVE;
				GCC_WARN_UNUSED_FUNCTION = YES;
				GCC_WARN_UNUSED_VARIABLE = YES;
				IPHONEOS_DEPLOYMENT_TARGET = 13.5;
				MTL_ENABLE_DEBUG_INFO = INCLUDE_SOURCE;
				MTL_FAST_MATH = YES;
				ONLY_ACTIVE_ARCH = YES;
				SDKROOT = iphoneos;
				SWIFT_ACTIVE_COMPILATION_CONDITIONS = DEBUG;
				SWIFT_OPTIMIZATION_LEVEL = "-Onone";
			};
			name = Debug;
		};
		12107B5224843D9300D8C8AD /* Release */ = {
			isa = XCBuildConfiguration;
			buildSettings = {
				ALWAYS_SEARCH_USER_PATHS = NO;
				CLANG_ANALYZER_NONNULL = YES;
				CLANG_ANALYZER_NUMBER_OBJECT_CONVERSION = YES_AGGRESSIVE;
				CLANG_CXX_LANGUAGE_STANDARD = "gnu++14";
				CLANG_CXX_LIBRARY = "libc++";
				CLANG_ENABLE_MODULES = YES;
				CLANG_ENABLE_OBJC_ARC = YES;
				CLANG_ENABLE_OBJC_WEAK = YES;
				CLANG_WARN_BLOCK_CAPTURE_AUTORELEASING = YES;
				CLANG_WARN_BOOL_CONVERSION = YES;
				CLANG_WARN_COMMA = YES;
				CLANG_WARN_CONSTANT_CONVERSION = YES;
				CLANG_WARN_DEPRECATED_OBJC_IMPLEMENTATIONS = YES;
				CLANG_WARN_DIRECT_OBJC_ISA_USAGE = YES_ERROR;
				CLANG_WARN_DOCUMENTATION_COMMENTS = YES;
				CLANG_WARN_EMPTY_BODY = YES;
				CLANG_WARN_ENUM_CONVERSION = YES;
				CLANG_WARN_INFINITE_RECURSION = YES;
				CLANG_WARN_INT_CONVERSION = YES;
				CLANG_WARN_NON_LITERAL_NULL_CONVERSION = YES;
				CLANG_WARN_OBJC_IMPLICIT_RETAIN_SELF = YES;
				CLANG_WARN_OBJC_LITERAL_CONVERSION = YES;
				CLANG_WARN_OBJC_ROOT_CLASS = YES_ERROR;
				CLANG_WARN_RANGE_LOOP_ANALYSIS = YES;
				CLANG_WARN_STRICT_PROTOTYPES = YES;
				CLANG_WARN_SUSPICIOUS_MOVE = YES;
				CLANG_WARN_UNGUARDED_AVAILABILITY = YES_AGGRESSIVE;
				CLANG_WARN_UNREACHABLE_CODE = YES;
				CLANG_WARN__DUPLICATE_METHOD_MATCH = YES;
				COPY_PHASE_STRIP = NO;
				DEBUG_INFORMATION_FORMAT = "dwarf-with-dsym";
				ENABLE_NS_ASSERTIONS = NO;
				ENABLE_STRICT_OBJC_MSGSEND = YES;
				GCC_C_LANGUAGE_STANDARD = gnu11;
				GCC_NO_COMMON_BLOCKS = YES;
				GCC_WARN_64_TO_32_BIT_CONVERSION = YES;
				GCC_WARN_ABOUT_RETURN_TYPE = YES_ERROR;
				GCC_WARN_UNDECLARED_SELECTOR = YES;
				GCC_WARN_UNINITIALIZED_AUTOS = YES_AGGRESSIVE;
				GCC_WARN_UNUSED_FUNCTION = YES;
				GCC_WARN_UNUSED_VARIABLE = YES;
				IPHONEOS_DEPLOYMENT_TARGET = 13.5;
				MTL_ENABLE_DEBUG_INFO = NO;
				MTL_FAST_MATH = YES;
				SDKROOT = iphoneos;
				SWIFT_COMPILATION_MODE = wholemodule;
				SWIFT_OPTIMIZATION_LEVEL = "-O";
				VALIDATE_PRODUCT = YES;
			};
			name = Release;
		};
		12107B5424843D9300D8C8AD /* Debug */ = {
			isa = XCBuildConfiguration;
			buildSettings = {
				ASSETCATALOG_COMPILER_APPICON_NAME = AppIcon;
				CODE_SIGN_STYLE = Automatic;
				DEVELOPMENT_TEAM = V9Y8CR6448;
				INFOPLIST_FILE = ColorPickerDemo/Info.plist;
				LD_RUNPATH_SEARCH_PATHS = (
					"$(inherited)",
					"@executable_path/Frameworks",
				);
				PRODUCT_BUNDLE_IDENTIFIER = com.jefframes.ColorPickerDemo;
				PRODUCT_NAME = "$(TARGET_NAME)";
				SWIFT_VERSION = 5.0;
				TARGETED_DEVICE_FAMILY = "1,2";
			};
			name = Debug;
		};
		12107B5524843D9300D8C8AD /* Release */ = {
			isa = XCBuildConfiguration;
			buildSettings = {
				ASSETCATALOG_COMPILER_APPICON_NAME = AppIcon;
				CODE_SIGN_STYLE = Automatic;
				DEVELOPMENT_TEAM = V9Y8CR6448;
				INFOPLIST_FILE = ColorPickerDemo/Info.plist;
				LD_RUNPATH_SEARCH_PATHS = (
					"$(inherited)",
					"@executable_path/Frameworks",
				);
				PRODUCT_BUNDLE_IDENTIFIER = com.jefframes.ColorPickerDemo;
				PRODUCT_NAME = "$(TARGET_NAME)";
				SWIFT_VERSION = 5.0;
				TARGETED_DEVICE_FAMILY = "1,2";
			};
			name = Release;
		};
/* End XCBuildConfiguration section */

/* Begin XCConfigurationList section */
		12107B3A24843D8D00D8C8AD /* Build configuration list for PBXProject "ColorPickerDemo" */ = {
			isa = XCConfigurationList;
			buildConfigurations = (
				12107B5124843D9300D8C8AD /* Debug */,
				12107B5224843D9300D8C8AD /* Release */,
			);
			defaultConfigurationIsVisible = 0;
			defaultConfigurationName = Release;
		};
		12107B5324843D9300D8C8AD /* Build configuration list for PBXNativeTarget "ColorPickerDemo" */ = {
			isa = XCConfigurationList;
			buildConfigurations = (
				12107B5424843D9300D8C8AD /* Debug */,
				12107B5524843D9300D8C8AD /* Release */,
			);
			defaultConfigurationIsVisible = 0;
			defaultConfigurationName = Release;
		};
/* End XCConfigurationList section */
	};
	rootObject = 12107B3724843D8D00D8C8AD /* Project object */;
}
